
Microsoft Visual Studio Solution File, Format Version 12.00
# Visual Studio Version 16
VisualStudioVersion = 16.0.30717.126
MinimumVisualStudioVersion = 10.0.40219.1
Project("{FAE04EC0-301F-11D3-BF4B-00C04F79EFBC}") = "removing char", "removing char\removing char.csproj", "{5A3A29A7-6CA1-4BAC-AB01-C0C4D3034BEE}"
EndProject
Global
	GlobalSection(SolutionConfigurationPlatforms) = preSolution
		Debug|Any CPU = Debug|Any CPU
		Release|Any CPU = Release|Any CPU
	EndGlobalSection
	GlobalSection(ProjectConfigurationPlatforms) = postSolution
		{5A3A29A7-6CA1-4BAC-AB01-C0C4D3034BEE}.Debug|Any CPU.ActiveCfg = Debug|Any CPU
		{5A3A29A7-6CA1-4BAC-AB01-C0C4D3034BEE}.Debug|Any CPU.Build.0 = Debug|Any CPU
		{5A3A29A7-6CA1-4BAC-AB01-C0C4D3034BEE}.Release|Any CPU.ActiveCfg = Release|Any CPU
		{5A3A29A7-6CA1-4BAC-AB01-C0C4D3034BEE}.Release|Any CPU.Build.0 = Release|Any CPU
	EndGlobalSection
	GlobalSection(SolutionProperties) = preSolution
		HideSolutionNode = FALSE
	EndGlobalSection
	GlobalSection(ExtensibilityGlobals) = postSolution
		SolutionGuid = {DA994142-2736-4627-A1CF-F927051C6995}
	EndGlobalSection
EndGlobal
